// !$*UTF8*$!
{
	archiveVersion = 1;
	classes = {
	};
	objectVersion = 46;
	objects = {

/* Begin PBXBuildFile section */
		F13AF9811D97C1060046FF9C /* AppDelegate.swift in Sources */ = {isa = PBXBuildFile; fileRef = F13AF9801D97C1060046FF9C /* AppDelegate.swift */; };
		F13AF9831D97C1060046FF9C /* ViewController.swift in Sources */ = {isa = PBXBuildFile; fileRef = F13AF9821D97C1060046FF9C /* ViewController.swift */; };
		F13AF9861D97C1060046FF9C /* Main.storyboard in Resources */ = {isa = PBXBuildFile; fileRef = F13AF9841D97C1060046FF9C /* Main.storyboard */; };
		F13AF9881D97C1060046FF9C /* Assets.xcassets in Resources */ = {isa = PBXBuildFile; fileRef = F13AF9871D97C1060046FF9C /* Assets.xcassets */; };
		F13AF98B1D97C1060046FF9C /* LaunchScreen.storyboard in Resources */ = {isa = PBXBuildFile; fileRef = F13AF9891D97C1060046FF9C /* LaunchScreen.storyboard */; };
/* End PBXBuildFile section */

/* Begin PBXFileReference section */
		F13AF97D1D97C1060046FF9C /* pokedex-by-upneet.app */ = {isa = PBXFileReference; explicitFileType = wrapper.application; includeInIndex = 0; path = "pokedex-by-upneet.app"; sourceTree = BUILT_PRODUCTS_DIR; };
		F13AF9801D97C1060046FF9C /* AppDelegate.swift */ = {isa = PBXFileReference; lastKnownFileType = sourcecode.swift; path = AppDelegate.swift; sourceTree = "<group>"; };
		F13AF9821D97C1060046FF9C /* ViewController.swift */ = {isa = PBXFileReference; lastKnownFileType = sourcecode.swift; path = ViewController.swift; sourceTree = "<group>"; };
		F13AF9851D97C1060046FF9C /* Base */ = {isa = PBXFileReference; lastKnownFileType = file.storyboard; name = Base; path = Base.lproj/Main.storyboard; sourceTree = "<group>"; };
		F13AF9871D97C1060046FF9C /* Assets.xcassets */ = {isa = PBXFileReference; lastKnownFileType = folder.assetcatalog; path = Assets.xcassets; sourceTree = "<group>"; };
		F13AF98A1D97C1060046FF9C /* Base */ = {isa = PBXFileReference; lastKnownFileType = file.storyboard; name = Base; path = Base.lproj/LaunchScreen.storyboard; sourceTree = "<group>"; };
		F13AF98C1D97C1060046FF9C /* Info.plist */ = {isa = PBXFileReference; lastKnownFileType = text.plist.xml; path = Info.plist; sourceTree = "<group>"; };
/* End PBXFileReference section */

/* Begin PBXFrameworksBuildPhase section */
		F13AF97A1D97C1060046FF9C /* Frameworks */ = {
			isa = PBXFrameworksBuildPhase;
			buildActionMask = 2147483647;
			files = (
			);
			runOnlyForDeploymentPostprocessing = 0;
		};
/* End PBXFrameworksBuildPhase section */

/* Begin PBXGroup section */
		F13AF9741D97C1060046FF9C = {
			isa = PBXGroup;
			children = (
				F13AF97F1D97C1060046FF9C /* pokedex-by-upneet */,
				F13AF97E1D97C1060046FF9C /* Products */,
			);
			sourceTree = "<group>";
		};
		F13AF97E1D97C1060046FF9C /* Products */ = {
			isa = PBXGroup;
			children = (
				F13AF97D1D97C1060046FF9C /* pokedex-by-upneet.app */,
			);
			name = Products;
			sourceTree = "<group>";
		};
		F13AF97F1D97C1060046FF9C /* pokedex-by-upneet */ = {
			isa = PBXGroup;
			children = (
				F13AF9801D97C1060046FF9C /* AppDelegate.swift */,
				F13AF9821D97C1060046FF9C /* ViewController.swift */,
				F13AF9841D97C1060046FF9C /* Main.storyboard */,
				F13AF9871D97C1060046FF9C /* Assets.xcassets */,
				F13AF9891D97C1060046FF9C /* LaunchScreen.storyboard */,
				F13AF98C1D97C1060046FF9C /* Info.plist */,
			);
			path = "pokedex-by-upneet";
			sourceTree = "<group>";
		};
/* End PBXGroup section */

/* Begin PBXNativeTarget section */
		F13AF97C1D97C1060046FF9C /* pokedex-by-upneet */ = {
			isa = PBXNativeTarget;
			buildConfigurationList = F13AF98F1D97C1060046FF9C /* Build configuration list for PBXNativeTarget "pokedex-by-upneet" */;
			buildPhases = (
				F13AF9791D97C1060046FF9C /* Sources */,
				F13AF97A1D97C1060046FF9C /* Frameworks */,
				F13AF97B1D97C1060046FF9C /* Resources */,
			);
			buildRules = (
			);
			dependencies = (
			);
			name = "pokedex-by-upneet";
			productName = "pokedex-by-upneet";
			productReference = F13AF97D1D97C1060046FF9C /* pokedex-by-upneet.app */;
			productType = "com.apple.product-type.application";
		};
/* End PBXNativeTarget section */

/* Begin PBXProject section */
		F13AF9751D97C1060046FF9C /* Project object */ = {
			isa = PBXProject;
			attributes = {
				LastSwiftUpdateCheck = 0720;
				LastUpgradeCheck = 0720;
				ORGANIZATIONNAME = "Upneet  Randhawa";
				TargetAttributes = {
					F13AF97C1D97C1060046FF9C = {
						CreatedOnToolsVersion = 7.2.1;
					};
				};
			};
			buildConfigurationList = F13AF9781D97C1060046FF9C /* Build configuration list for PBXProject "pokedex-by-upneet" */;
			compatibilityVersion = "Xcode 3.2";
			developmentRegion = English;
			hasScannedForEncodings = 0;
			knownRegions = (
				en,
				Base,
			);
			mainGroup = F13AF9741D97C1060046FF9C;
			productRefGroup = F13AF97E1D97C1060046FF9C /* Products */;
			projectDirPath = "";
			projectRoot = "";
			targets = (
				F13AF97C1D97C1060046FF9C /* pokedex-by-upneet */,
			);
		};
/* End PBXProject section */

/* Begin PBXResourcesBuildPhase section */
		F13AF97B1D97C1060046FF9C /* Resources */ = {
			isa = PBXResourcesBuildPhase;
			buildActionMask = 2147483647;
			files = (
				F13AF98B1D97C1060046FF9C /* LaunchScreen.storyboard in Resources */,
				F13AF9881D97C1060046FF9C /* Assets.xcassets in Resources */,
				F13AF9861D97C1060046FF9C /* Main.storyboard in Resources */,
			);
			runOnlyForDeploymentPostprocessing = 0;
		};
/* End PBXResourcesBuildPhase section */

/* Begin PBXSourcesBuildPhase section */
		F13AF9791D97C1060046FF9C /* Sources */ = {
			isa = PBXSourcesBuildPhase;
			buildActionMask = 2147483647;
			files = (
				F13AF9831D97C1060046FF9C /* ViewController.swift in Sources */,
				F13AF9811D97C1060046FF9C /* AppDelegate.swift in Sources */,
			);
			runOnlyForDeploymentPostprocessing = 0;
		};
/* End PBXSourcesBuildPhase section */

/* Begin PBXVariantGroup section */
		F13AF9841D97C1060046FF9C /* Main.storyboard */ = {
			isa = PBXVariantGroup;
			children = (
				F13AF9851D97C1060046FF9C /* Base */,
			);
			name = Main.storyboard;
			sourceTree = "<group>";
		};
		F13AF9891D97C1060046FF9C /* LaunchScreen.storyboard */ = {
			isa = PBXVariantGroup;
			children = (
				F13AF98A1D97C1060046FF9C /* Base */,
			);
			name = LaunchScreen.storyboard;
			sourceTree = "<group>";
		};
/* End PBXVariantGroup section */

/* Begin XCBuildConfiguration section */
		F13AF98D1D97C1060046FF9C /* Debug */ = {
			isa = XCBuildConfiguration;
			buildSettings = {
				ALWAYS_SEARCH_USER_PATHS = NO;
				CLANG_CXX_LANGUAGE_STANDARD = "gnu++0x";
				CLANG_CXX_LIBRARY = "libc++";
				CLANG_ENABLE_MODULES = YES;
				CLANG_ENABLE_OBJC_ARC = YES;
				CLANG_WARN_BOOL_CONVERSION = YES;
				CLANG_WARN_CONSTANT_CONVERSION = YES;
				CLANG_WARN_DIRECT_OBJC_ISA_USAGE = YES_ERROR;
				CLANG_WARN_EMPTY_BODY = YES;
				CLANG_WARN_ENUM_CONVERSION = YES;
				CLANG_WARN_INT_CONVERSION = YES;
				CLANG_WARN_OBJC_ROOT_CLASS = YES_ERROR;
				CLANG_WARN_UNREACHABLE_CODE = YES;
				CLANG_WARN__DUPLICATE_METHOD_MATCH = YES;
				"CODE_SIGN_IDENTITY[sdk=iphoneos*]" = "iPhone Developer";
				COPY_PHASE_STRIP = NO;
				DEBUG_INFORMATION_FORMAT = dwarf;
				ENABLE_STRICT_OBJC_MSGSEND = YES;
				ENABLE_TESTABILITY = YES;
				GCC_C_LANGUAGE_STANDARD = gnu99;
				GCC_DYNAMIC_NO_PIC = NO;
				GCC_NO_COMMON_BLOCKS = YES;
				GCC_OPTIMIZATION_LEVEL = 0;
				GCC_PREPROCESSOR_DEFINITIONS = (
					"DEBUG=1",
					"$(inherited)",
				);
				GCC_WARN_64_TO_32_BIT_CONVERSION = YES;
				GCC_WARN_ABOUT_RETURN_TYPE = YES_ERROR;
				GCC_WARN_UNDECLARED_SELECTOR = YES;
				GCC_WARN_UNINITIALIZED_AUTOS = YES_AGGRESSIVE;
				GCC_WARN_UNUSED_FUNCTION = YES;
				GCC_WARN_UNUSED_VARIABLE = YES;
				IPHONEOS_DEPLOYMENT_TARGET = 9.2;
				MTL_ENABLE_DEBUG_INFO = YES;
				ONLY_ACTIVE_ARCH = YES;
				SDKROOT = iphoneos;
				SWIFT_OPTIMIZATION_LEVEL = "-Onone";
			};
			name = Debug;
		};
		F13AF98E1D97C1060046FF9C /* Release */ = {
			isa = XCBuildConfiguration;
			buildSettings = {
				ALWAYS_SEARCH_USER_PATHS = NO;
				CLANG_CXX_LANGUAGE_STANDARD = "gnu++0x";
				CLANG_CXX_LIBRARY = "libc++";
				CLANG_ENABLE_MODULES = YES;
				CLANG_ENABLE_OBJC_ARC = YES;
				CLANG_WARN_BOOL_CONVERSION = YES;
				CLANG_WARN_CONSTANT_CONVERSION = YES;
				CLANG_WARN_DIRECT_OBJC_ISA_USAGE = YES_ERROR;
				CLANG_WARN_EMPTY_BODY = YES;
				CLANG_WARN_ENUM_CONVERSION = YES;
				CLANG_WARN_INT_CONVERSION = YES;
				CLANG_WARN_OBJC_ROOT_CLASS = YES_ERROR;
				CLANG_WARN_UNREACHABLE_CODE = YES;
				CLANG_WARN__DUPLICATE_METHOD_MATCH = YES;
				"CODE_SIGN_IDENTITY[sdk=iphoneos*]" = "iPhone Developer";
				COPY_PHASE_STRIP = NO;
				DEBUG_INFORMATION_FORMAT = "dwarf-with-dsym";
				ENABLE_NS_ASSERTIONS = NO;
				ENABLE_STRICT_OBJC_MSGSEND = YES;
				GCC_C_LANGUAGE_STANDARD = gnu99;
				GCC_NO_COMMON_BLOCKS = YES;
				GCC_WARN_64_TO_32_BIT_CONVERSION = YES;
				GCC_WARN_ABOUT_RETURN_TYPE = YES_ERROR;
				GCC_WARN_UNDECLARED_SELECTOR = YES;
				GCC_WARN_UNINITIALIZED_AUTOS = YES_AGGRESSIVE;
				GCC_WARN_UNUSED_FUNCTION = YES;
				GCC_WARN_UNUSED_VARIABLE = YES;
				IPHONEOS_DEPLOYMENT_TARGET = 9.2;
				MTL_ENABLE_DEBUG_INFO = NO;
				SDKROOT = iphoneos;
				VALIDATE_PRODUCT = YES;
			};
			name = Release;
		};
		F13AF9901D97C1060046FF9C /* Debug */ = {
			isa = XCBuildConfiguration;
			buildSettings = {
				ASSETCATALOG_COMPILER_APPICON_NAME = AppIcon;
				INFOPLIST_FILE = "pokedex-by-upneet/Info.plist";
				LD_RUNPATH_SEARCH_PATHS = "$(inherited) @executable_path/Frameworks";
				PRODUCT_BUNDLE_IDENTIFIER = "com.upneetrandhawa.pokedex-by-upneet";
				PRODUCT_NAME = "$(TARGET_NAME)";
			};
			name = Debug;
		};
		F13AF9911D97C1060046FF9C /* Release */ = {
			isa = XCBuildConfiguration;
			buildSettings = {
				ASSETCATALOG_COMPILER_APPICON_NAME = AppIcon;
				INFOPLIST_FILE = "pokedex-by-upneet/Info.plist";
				LD_RUNPATH_SEARCH_PATHS = "$(inherited) @executable_path/Frameworks";
				PRODUCT_BUNDLE_IDENTIFIER = "com.upneetrandhawa.pokedex-by-upneet";
				PRODUCT_NAME = "$(TARGET_NAME)";
			};
			name = Release;
		};
/* End XCBuildConfiguration section */

/* Begin XCConfigurationList section */
		F13AF9781D97C1060046FF9C /* Build configuration list for PBXProject "pokedex-by-upneet" */ = {
			isa = XCConfigurationList;
			buildConfigurations = (
				F13AF98D1D97C1060046FF9C /* Debug */,
				F13AF98E1D97C1060046FF9C /* Release */,
			);
			defaultConfigurationIsVisible = 0;
			defaultConfigurationName = Release;
		};
		F13AF98F1D97C1060046FF9C /* Build configuration list for PBXNativeTarget "pokedex-by-upneet" */ = {
			isa = XCConfigurationList;
			buildConfigurations = (
				F13AF9901D97C1060046FF9C /* Debug */,
				F13AF9911D97C1060046FF9C /* Release */,
			);
			defaultConfigurationIsVisible = 0;
		};
/* End XCConfigurationList section */
	};
	rootObject = F13AF9751D97C1060046FF9C /* Project object */;
}
